
Microsoft Visual Studio Solution File, Format Version 12.00
# Visual Studio Version 17
VisualStudioVersion = 17.9.34607.119
MinimumVisualStudioVersion = 10.0.40219.1
Project("{FAE04EC0-301F-11D3-BF4B-00C04F79EFBC}") = "Example_IComparableT_Matthew_Vargas", "Example_IComparableT_Matthew_Vargas\Example_IComparableT_Matthew_Vargas.csproj", "{7CB66EFA-9D51-4891-8F85-8D2E1E454B4F}"
EndProject
Global
	GlobalSection(SolutionConfigurationPlatforms) = preSolution
		Debug|Any CPU = Debug|Any CPU
		Release|Any CPU = Release|Any CPU
	EndGlobalSection
	GlobalSection(ProjectConfigurationPlatforms) = postSolution
		{7CB66EFA-9D51-4891-8F85-8D2E1E454B4F}.Debug|Any CPU.ActiveCfg = Debug|Any CPU
		{7CB66EFA-9D51-4891-8F85-8D2E1E454B4F}.Debug|Any CPU.Build.0 = Debug|Any CPU
		{7CB66EFA-9D51-4891-8F85-8D2E1E454B4F}.Release|Any CPU.ActiveCfg = Release|Any CPU
		{7CB66EFA-9D51-4891-8F85-8D2E1E454B4F}.Release|Any CPU.Build.0 = Release|Any CPU
	EndGlobalSection
	GlobalSection(SolutionProperties) = preSolution
		HideSolutionNode = FALSE
	EndGlobalSection
	GlobalSection(ExtensibilityGlobals) = postSolution
		SolutionGuid = {BA99C486-EB08-448F-9A36-A000AA4E8442}
	EndGlobalSection
EndGlobal
